
Microsoft Visual Studio Solution File, Format Version 12.00
# Visual Studio Version 17
VisualStudioVersion = 17.8.34330.188
MinimumVisualStudioVersion = 10.0.40219.1
Project("{FAE04EC0-301F-11D3-BF4B-00C04F79EFBC}") = "Exporter", "Exporter\Exporter.csproj", "{77DF0258-5D4A-4D96-9B59-B7B6E41B028A}"
EndProject
Global
	GlobalSection(SolutionConfigurationPlatforms) = preSolution
		Debug|Any CPU = Debug|Any CPU
		Release|Any CPU = Release|Any CPU
	EndGlobalSection
	GlobalSection(ProjectConfigurationPlatforms) = postSolution
		{77DF0258-5D4A-4D96-9B59-B7B6E41B028A}.Debug|Any CPU.ActiveCfg = Debug|Any CPU
		{77DF0258-5D4A-4D96-9B59-B7B6E41B028A}.Debug|Any CPU.Build.0 = Debug|Any CPU
		{77DF0258-5D4A-4D96-9B59-B7B6E41B028A}.Release|Any CPU.ActiveCfg = Release|Any CPU
		{77DF0258-5D4A-4D96-9B59-B7B6E41B028A}.Release|Any CPU.Build.0 = Release|Any CPU
	EndGlobalSection
	GlobalSection(SolutionProperties) = preSolution
		HideSolutionNode = FALSE
	EndGlobalSection
	GlobalSection(ExtensibilityGlobals) = postSolution
		SolutionGuid = {427432AA-23D7-4033-AA5A-1F95057A48EF}
	EndGlobalSection
EndGlobal
